
Microsoft Visual Studio Solution File, Format Version 12.00
# Visual Studio 15
Project("{FAE04EC0-301F-11D3-BF4B-00C04F79EFBC}") = "Assembly-CSharp", "Assembly-CSharp.csproj", "{B2D7A004-6B48-9E83-1491-1C89BD3B5574}"
EndProject
Project("{FAE04EC0-301F-11D3-BF4B-00C04F79EFBC}") = "Assembly-CSharp-firstpass", "Assembly-CSharp-firstpass.csproj", "{A35E1F2A-CE9E-53D4-937B-6630C728BD71}"
EndProject
Project("{FAE04EC0-301F-11D3-BF4B-00C04F79EFBC}") = "Assembly-CSharp-Editor-firstpass", "Assembly-CSharp-Editor-firstpass.csproj", "{DA06332F-CDDC-48AB-14D0-59409DABC0C4}"
EndProject
Global
	GlobalSection(SolutionConfigurationPlatforms) = preSolution
		Debug|Any CPU = Debug|Any CPU
		Release|Any CPU = Release|Any CPU
	EndGlobalSection
	GlobalSection(ProjectConfigurationPlatforms) = postSolution
		{B2D7A004-6B48-9E83-1491-1C89BD3B5574}.Debug|Any CPU.ActiveCfg = Debug|Any CPU
		{B2D7A004-6B48-9E83-1491-1C89BD3B5574}.Debug|Any CPU.Build.0 = Debug|Any CPU
		{B2D7A004-6B48-9E83-1491-1C89BD3B5574}.Release|Any CPU.ActiveCfg = Release|Any CPU
		{B2D7A004-6B48-9E83-1491-1C89BD3B5574}.Release|Any CPU.Build.0 = Release|Any CPU
		{A35E1F2A-CE9E-53D4-937B-6630C728BD71}.Debug|Any CPU.ActiveCfg = Debug|Any CPU
		{A35E1F2A-CE9E-53D4-937B-6630C728BD71}.Debug|Any CPU.Build.0 = Debug|Any CPU
		{A35E1F2A-CE9E-53D4-937B-6630C728BD71}.Release|Any CPU.ActiveCfg = Release|Any CPU
		{A35E1F2A-CE9E-53D4-937B-6630C728BD71}.Release|Any CPU.Build.0 = Release|Any CPU
		{DA06332F-CDDC-48AB-14D0-59409DABC0C4}.Debug|Any CPU.ActiveCfg = Debug|Any CPU
		{DA06332F-CDDC-48AB-14D0-59409DABC0C4}.Debug|Any CPU.Build.0 = Debug|Any CPU
		{DA06332F-CDDC-48AB-14D0-59409DABC0C4}.Release|Any CPU.ActiveCfg = Release|Any CPU
		{DA06332F-CDDC-48AB-14D0-59409DABC0C4}.Release|Any CPU.Build.0 = Release|Any CPU
	EndGlobalSection
	GlobalSection(SolutionProperties) = preSolution
		HideSolutionNode = FALSE
	EndGlobalSection
EndGlobal
