
Microsoft Visual Studio Solution File, Format Version 12.00
# Visual Studio 15
Project("{FAE04EC0-301F-11D3-BF4B-00C04F79EFBC}") = "Assembly-CSharp", "Assembly-CSharp.csproj", "{58572C92-F9AC-A782-0C78-971AC5CF9410}"
EndProject
Project("{FAE04EC0-301F-11D3-BF4B-00C04F79EFBC}") = "Assembly-CSharp-firstpass", "Assembly-CSharp-firstpass.csproj", "{D8E63BE8-C8EF-D103-18E2-C64B40D6BA9F}"
EndProject
Project("{FAE04EC0-301F-11D3-BF4B-00C04F79EFBC}") = "Assembly-CSharp-Editor-firstpass", "Assembly-CSharp-Editor-firstpass.csproj", "{C99FCFFF-E200-E975-68F6-D477BC791627}"
EndProject
Global
	GlobalSection(SolutionConfigurationPlatforms) = preSolution
		Debug|Any CPU = Debug|Any CPU
		Release|Any CPU = Release|Any CPU
	EndGlobalSection
	GlobalSection(ProjectConfigurationPlatforms) = postSolution
		{58572C92-F9AC-A782-0C78-971AC5CF9410}.Debug|Any CPU.ActiveCfg = Debug|Any CPU
		{58572C92-F9AC-A782-0C78-971AC5CF9410}.Debug|Any CPU.Build.0 = Debug|Any CPU
		{58572C92-F9AC-A782-0C78-971AC5CF9410}.Release|Any CPU.ActiveCfg = Release|Any CPU
		{58572C92-F9AC-A782-0C78-971AC5CF9410}.Release|Any CPU.Build.0 = Release|Any CPU
		{D8E63BE8-C8EF-D103-18E2-C64B40D6BA9F}.Debug|Any CPU.ActiveCfg = Debug|Any CPU
		{D8E63BE8-C8EF-D103-18E2-C64B40D6BA9F}.Debug|Any CPU.Build.0 = Debug|Any CPU
		{D8E63BE8-C8EF-D103-18E2-C64B40D6BA9F}.Release|Any CPU.ActiveCfg = Release|Any CPU
		{D8E63BE8-C8EF-D103-18E2-C64B40D6BA9F}.Release|Any CPU.Build.0 = Release|Any CPU
		{C99FCFFF-E200-E975-68F6-D477BC791627}.Debug|Any CPU.ActiveCfg = Debug|Any CPU
		{C99FCFFF-E200-E975-68F6-D477BC791627}.Debug|Any CPU.Build.0 = Debug|Any CPU
		{C99FCFFF-E200-E975-68F6-D477BC791627}.Release|Any CPU.ActiveCfg = Release|Any CPU
		{C99FCFFF-E200-E975-68F6-D477BC791627}.Release|Any CPU.Build.0 = Release|Any CPU
	EndGlobalSection
	GlobalSection(SolutionProperties) = preSolution
		HideSolutionNode = FALSE
	EndGlobalSection
EndGlobal
